
Microsoft Visual Studio Solution File, Format Version 12.00
# Visual Studio Version 16
VisualStudioVersion = 16.0.30717.126
MinimumVisualStudioVersion = 10.0.40219.1
Project("{FAE04EC0-301F-11D3-BF4B-00C04F79EFBC}") = "QuadtreeGravity", "QuadtreeGravity\QuadtreeGravity.csproj", "{795EFA60-9F7D-44C5-840F-EA27F5365101}"
EndProject
Global
	GlobalSection(SolutionConfigurationPlatforms) = preSolution
		Debug|Any CPU = Debug|Any CPU
		Release|Any CPU = Release|Any CPU
	EndGlobalSection
	GlobalSection(ProjectConfigurationPlatforms) = postSolution
		{795EFA60-9F7D-44C5-840F-EA27F5365101}.Debug|Any CPU.ActiveCfg = Debug|Any CPU
		{795EFA60-9F7D-44C5-840F-EA27F5365101}.Debug|Any CPU.Build.0 = Debug|Any CPU
		{795EFA60-9F7D-44C5-840F-EA27F5365101}.Release|Any CPU.ActiveCfg = Release|Any CPU
		{795EFA60-9F7D-44C5-840F-EA27F5365101}.Release|Any CPU.Build.0 = Release|Any CPU
	EndGlobalSection
	GlobalSection(SolutionProperties) = preSolution
		HideSolutionNode = FALSE
	EndGlobalSection
	GlobalSection(ExtensibilityGlobals) = postSolution
		SolutionGuid = {B778536F-AB2F-49FF-A34D-44D6A784B9E7}
	EndGlobalSection
EndGlobal
